
Microsoft Visual Studio Solution File, Format Version 12.00
# Visual Studio Version 16
VisualStudioVersion = 16.0.29806.167
MinimumVisualStudioVersion = 10.0.40219.1
Project("{9A19103F-16F7-4668-BE54-9A1E7A4F7556}") = "MYB.Core.Api", "MYB.Core.Api.csproj", "{FCA7F563-85CF-4EF5-A61E-E66971949F18}"
EndProject
Global
	GlobalSection(SolutionConfigurationPlatforms) = preSolution
		Debug|Any CPU = Debug|Any CPU
		Release|Any CPU = Release|Any CPU
	EndGlobalSection
	GlobalSection(ProjectConfigurationPlatforms) = postSolution
		{FCA7F563-85CF-4EF5-A61E-E66971949F18}.Debug|Any CPU.ActiveCfg = Debug|Any CPU
		{FCA7F563-85CF-4EF5-A61E-E66971949F18}.Debug|Any CPU.Build.0 = Debug|Any CPU
		{FCA7F563-85CF-4EF5-A61E-E66971949F18}.Release|Any CPU.ActiveCfg = Release|Any CPU
		{FCA7F563-85CF-4EF5-A61E-E66971949F18}.Release|Any CPU.Build.0 = Release|Any CPU
	EndGlobalSection
	GlobalSection(SolutionProperties) = preSolution
		HideSolutionNode = FALSE
	EndGlobalSection
	GlobalSection(ExtensibilityGlobals) = postSolution
		SolutionGuid = {5752ABBE-5FA9-4814-87F6-D333BB1B4999}
	EndGlobalSection
EndGlobal
